// !$*UTF8*$!
{
	archiveVersion = 1;
	classes = {
	};
	objectVersion = 46;
	objects = {

/* Begin PBXBuildFile section */
		6574216A1AA9060D00F94CD4 /* DiabetesViewController.m in Sources */ = {isa = PBXBuildFile; fileRef = 657421691AA9060D00F94CD4 /* DiabetesViewController.m */; };
		D4F161FC634554CB72FC9FDB /* libPods.a in Frameworks */ = {isa = PBXBuildFile; fileRef = B067FA1E09EAACDF3BEA3F8C /* libPods.a */; };
		FC43EA3C1A9E5E9800F414DB /* CampecheViewController.m in Sources */ = {isa = PBXBuildFile; fileRef = FC43EA3B1A9E5E9800F414DB /* CampecheViewController.m */; };
		FC43EA3F1AA01CFB00F414DB /* YucatanViewController.m in Sources */ = {isa = PBXBuildFile; fileRef = FC43EA3E1AA01CFB00F414DB /* YucatanViewController.m */; };
		FC43EA421AA01D6700F414DB /* QRooViewController.m in Sources */ = {isa = PBXBuildFile; fileRef = FC43EA411AA01D6700F414DB /* QRooViewController.m */; };
		FC43EA451AA02F3000F414DB /* CronometroViewController.m in Sources */ = {isa = PBXBuildFile; fileRef = FC43EA441AA02F3000F414DB /* CronometroViewController.m */; };
		FC4B68121A9CFE2D009FDEB2 /* TipsLugaresViewController.m in Sources */ = {isa = PBXBuildFile; fileRef = FC4B68111A9CFE2D009FDEB2 /* TipsLugaresViewController.m */; };
		FC4B68151A9D43DE009FDEB2 /* TipsViewController.m in Sources */ = {isa = PBXBuildFile; fileRef = FC4B68141A9D43DE009FDEB2 /* TipsViewController.m */; };
		FC4B68181A9D481F009FDEB2 /* PatrocinadoresViewController.m in Sources */ = {isa = PBXBuildFile; fileRef = FC4B68171A9D481F009FDEB2 /* PatrocinadoresViewController.m */; };
		FC5C84FE1AC9F37600AF91A8 /* MBProgressHUD.m in Sources */ = {isa = PBXBuildFile; fileRef = FC5C84FC1AC9F37600AF91A8 /* MBProgressHUD.m */; };
		FC5C85011ACB264F00AF91A8 /* ProgramaViewController.m in Sources */ = {isa = PBXBuildFile; fileRef = FC5C85001ACB264F00AF91A8 /* ProgramaViewController.m */; };
		FC5C85041ACB54A000AF91A8 /* WebViewController.m in Sources */ = {isa = PBXBuildFile; fileRef = FC5C85031ACB54A000AF91A8 /* WebViewController.m */; };
		FC5C85071ACB821800AF91A8 /* RutaViewController.m in Sources */ = {isa = PBXBuildFile; fileRef = FC5C85061ACB821800AF91A8 /* RutaViewController.m */; };
		FC5C85091ACB832700AF91A8 /* MapKit.framework in Frameworks */ = {isa = PBXBuildFile; fileRef = FC5C85081ACB832700AF91A8 /* MapKit.framework */; };
		FCA27E231AA5030300B16B1B /* DirectorioViewController.m in Sources */ = {isa = PBXBuildFile; fileRef = FCA27E221AA5030300B16B1B /* DirectorioViewController.m */; };
		FCA6B06F1AA7CB6200F2A945 /* PGFirstViewController.m in Sources */ = {isa = PBXBuildFile; fileRef = FCA6B0681AA7CB6200F2A945 /* PGFirstViewController.m */; };
		FCA6B0701AA7CB6200F2A945 /* PGSecondViewController.m in Sources */ = {isa = PBXBuildFile; fileRef = FCA6B06A1AA7CB6200F2A945 /* PGSecondViewController.m */; };
		FCA6B0711AA7CB6200F2A945 /* PGSideDrawerController.m in Sources */ = {isa = PBXBuildFile; fileRef = FCA6B06C1AA7CB6200F2A945 /* PGSideDrawerController.m */; };
		FCA6B0721AA7CB6200F2A945 /* PGViewController.m in Sources */ = {isa = PBXBuildFile; fileRef = FCA6B06E1AA7CB6200F2A945 /* PGViewController.m */; };
		FCC2C4D81A9B8E4200A6AA89 /* main.m in Sources */ = {isa = PBXBuildFile; fileRef = FCC2C4D71A9B8E4200A6AA89 /* main.m */; };
		FCC2C4DB1A9B8E4200A6AA89 /* AppDelegate.m in Sources */ = {isa = PBXBuildFile; fileRef = FCC2C4DA1A9B8E4200A6AA89 /* AppDelegate.m */; };
		FCC2C4DE1A9B8E4200A6AA89 /* ViewController.m in Sources */ = {isa = PBXBuildFile; fileRef = FCC2C4DD1A9B8E4200A6AA89 /* ViewController.m */; };
		FCC2C4E11A9B8E4200A6AA89 /* Main.storyboard in Resources */ = {isa = PBXBuildFile; fileRef = FCC2C4DF1A9B8E4200A6AA89 /* Main.storyboard */; };
		FCC2C4E31A9B8E4200A6AA89 /* Images.xcassets in Resources */ = {isa = PBXBuildFile; fileRef = FCC2C4E21A9B8E4200A6AA89 /* Images.xcassets */; };
		FCC2C4E61A9B8E4200A6AA89 /* LaunchScreen.xib in Resources */ = {isa = PBXBuildFile; fileRef = FCC2C4E41A9B8E4200A6AA89 /* LaunchScreen.xib */; };
		FCC2C4F21A9B8E4200A6AA89 /* Rally_MayaTests.m in Sources */ = {isa = PBXBuildFile; fileRef = FCC2C4F11A9B8E4200A6AA89 /* Rally_MayaTests.m */; };
		FCC2C5001A9BAC5700A6AA89 /* ParticipantesViewController.m in Sources */ = {isa = PBXBuildFile; fileRef = FCC2C4FF1A9BAC5700A6AA89 /* ParticipantesViewController.m */; };
		FCC2C5031A9BC11800A6AA89 /* ParticipanteViewController.m in Sources */ = {isa = PBXBuildFile; fileRef = FCC2C5021A9BC11800A6AA89 /* ParticipanteViewController.m */; };
		FCC2C5061A9BC92600A6AA89 /* RallyViewController.m in Sources */ = {isa = PBXBuildFile; fileRef = FCC2C5051A9BC92600A6AA89 /* RallyViewController.m */; };
		FCC2D6031A9CECF200A6AA89 /* KMAccordionTableViewController.m in Sources */ = {isa = PBXBuildFile; fileRef = FCC2D5F71A9CECF200A6AA89 /* KMAccordionTableViewController.m */; };
		FCC2D6041A9CECF200A6AA89 /* MyViewController.m in Sources */ = {isa = PBXBuildFile; fileRef = FCC2D5F91A9CECF200A6AA89 /* MyViewController.m */; };
		FCC2D6051A9CECF200A6AA89 /* KMAppearence.m in Sources */ = {isa = PBXBuildFile; fileRef = FCC2D5FC1A9CECF200A6AA89 /* KMAppearence.m */; };
		FCC2D6061A9CECF200A6AA89 /* KMSection.m in Sources */ = {isa = PBXBuildFile; fileRef = FCC2D5FE1A9CECF200A6AA89 /* KMSection.m */; };
		FCC2D6071A9CECF200A6AA89 /* KMSectionHeaderView.m in Sources */ = {isa = PBXBuildFile; fileRef = FCC2D6011A9CECF200A6AA89 /* KMSectionHeaderView.m */; };
		FCC2D6081A9CECF200A6AA89 /* KMSectionHeaderView.xib in Resources */ = {isa = PBXBuildFile; fileRef = FCC2D6021A9CECF200A6AA89 /* KMSectionHeaderView.xib */; };
/* End PBXBuildFile section */

/* Begin PBXContainerItemProxy section */
		FCC2C4EC1A9B8E4200A6AA89 /* PBXContainerItemProxy */ = {
			isa = PBXContainerItemProxy;
			containerPortal = FCC2C4CA1A9B8E4200A6AA89 /* Project object */;
			proxyType = 1;
			remoteGlobalIDString = FCC2C4D11A9B8E4200A6AA89;
			remoteInfo = "Rally Maya";
		};
/* End PBXContainerItemProxy section */

/* Begin PBXFileReference section */
		5BFB734E0B7F4A90E94E2AA5 /* Pods.release.xcconfig */ = {isa = PBXFileReference; includeInIndex = 1; lastKnownFileType = text.xcconfig; name = Pods.release.xcconfig; path = "Pods/Target Support Files/Pods/Pods.release.xcconfig"; sourceTree = "<group>"; };
		657421681AA9060D00F94CD4 /* DiabetesViewController.h */ = {isa = PBXFileReference; fileEncoding = 4; lastKnownFileType = sourcecode.c.h; path = DiabetesViewController.h; sourceTree = "<group>"; };
		657421691AA9060D00F94CD4 /* DiabetesViewController.m */ = {isa = PBXFileReference; fileEncoding = 4; lastKnownFileType = sourcecode.c.objc; path = DiabetesViewController.m; sourceTree = "<group>"; };
		6902086B8BFB5B535481A67D /* Pods.debug.xcconfig */ = {isa = PBXFileReference; includeInIndex = 1; lastKnownFileType = text.xcconfig; name = Pods.debug.xcconfig; path = "Pods/Target Support Files/Pods/Pods.debug.xcconfig"; sourceTree = "<group>"; };
		B067FA1E09EAACDF3BEA3F8C /* libPods.a */ = {isa = PBXFileReference; explicitFileType = archive.ar; includeInIndex = 0; path = libPods.a; sourceTree = BUILT_PRODUCTS_DIR; };
		FC43EA3A1A9E5E9800F414DB /* CampecheViewController.h */ = {isa = PBXFileReference; fileEncoding = 4; lastKnownFileType = sourcecode.c.h; path = CampecheViewController.h; sourceTree = "<group>"; };
		FC43EA3B1A9E5E9800F414DB /* CampecheViewController.m */ = {isa = PBXFileReference; fileEncoding = 4; lastKnownFileType = sourcecode.c.objc; path = CampecheViewController.m; sourceTree = "<group>"; };
		FC43EA3D1AA01CFB00F414DB /* YucatanViewController.h */ = {isa = PBXFileReference; fileEncoding = 4; lastKnownFileType = sourcecode.c.h; path = YucatanViewController.h; sourceTree = "<group>"; };
		FC43EA3E1AA01CFB00F414DB /* YucatanViewController.m */ = {isa = PBXFileReference; fileEncoding = 4; lastKnownFileType = sourcecode.c.objc; path = YucatanViewController.m; sourceTree = "<group>"; };
		FC43EA401AA01D6700F414DB /* QRooViewController.h */ = {isa = PBXFileReference; fileEncoding = 4; lastKnownFileType = sourcecode.c.h; path = QRooViewController.h; sourceTree = "<group>"; };
		FC43EA411AA01D6700F414DB /* QRooViewController.m */ = {isa = PBXFileReference; fileEncoding = 4; lastKnownFileType = sourcecode.c.objc; path = QRooViewController.m; sourceTree = "<group>"; };
		FC43EA431AA02F3000F414DB /* CronometroViewController.h */ = {isa = PBXFileReference; fileEncoding = 4; lastKnownFileType = sourcecode.c.h; path = CronometroViewController.h; sourceTree = "<group>"; };
		FC43EA441AA02F3000F414DB /* CronometroViewController.m */ = {isa = PBXFileReference; fileEncoding = 4; lastKnownFileType = sourcecode.c.objc; path = CronometroViewController.m; sourceTree = "<group>"; };
		FC4B68101A9CFE2D009FDEB2 /* TipsLugaresViewController.h */ = {isa = PBXFileReference; fileEncoding = 4; lastKnownFileType = sourcecode.c.h; path = TipsLugaresViewController.h; sourceTree = "<group>"; };
		FC4B68111A9CFE2D009FDEB2 /* TipsLugaresViewController.m */ = {isa = PBXFileReference; fileEncoding = 4; lastKnownFileType = sourcecode.c.objc; path = TipsLugaresViewController.m; sourceTree = "<group>"; };
		FC4B68131A9D43DE009FDEB2 /* TipsViewController.h */ = {isa = PBXFileReference; fileEncoding = 4; lastKnownFileType = sourcecode.c.h; path = TipsViewController.h; sourceTree = "<group>"; };
		FC4B68141A9D43DE009FDEB2 /* TipsViewController.m */ = {isa = PBXFileReference; fileEncoding = 4; lastKnownFileType = sourcecode.c.objc; path = TipsViewController.m; sourceTree = "<group>"; };
		FC4B68161A9D481F009FDEB2 /* PatrocinadoresViewController.h */ = {isa = PBXFileReference; fileEncoding = 4; lastKnownFileType = sourcecode.c.h; path = PatrocinadoresViewController.h; sourceTree = "<group>"; };
		FC4B68171A9D481F009FDEB2 /* PatrocinadoresViewController.m */ = {isa = PBXFileReference; fileEncoding = 4; lastKnownFileType = sourcecode.c.objc; path = PatrocinadoresViewController.m; sourceTree = "<group>"; };
		FC5C84FC1AC9F37600AF91A8 /* MBProgressHUD.m */ = {isa = PBXFileReference; fileEncoding = 4; lastKnownFileType = sourcecode.c.objc; path = MBProgressHUD.m; sourceTree = "<group>"; };
		FC5C84FD1AC9F37600AF91A8 /* MBProgressHUD.h */ = {isa = PBXFileReference; fileEncoding = 4; lastKnownFileType = sourcecode.c.h; path = MBProgressHUD.h; sourceTree = "<group>"; };
		FC5C84FF1ACB264F00AF91A8 /* ProgramaViewController.h */ = {isa = PBXFileReference; fileEncoding = 4; lastKnownFileType = sourcecode.c.h; path = ProgramaViewController.h; sourceTree = "<group>"; };
		FC5C85001ACB264F00AF91A8 /* ProgramaViewController.m */ = {isa = PBXFileReference; fileEncoding = 4; lastKnownFileType = sourcecode.c.objc; path = ProgramaViewController.m; sourceTree = "<group>"; };
		FC5C85021ACB54A000AF91A8 /* WebViewController.h */ = {isa = PBXFileReference; fileEncoding = 4; lastKnownFileType = sourcecode.c.h; path = WebViewController.h; sourceTree = "<group>"; };
		FC5C85031ACB54A000AF91A8 /* WebViewController.m */ = {isa = PBXFileReference; fileEncoding = 4; lastKnownFileType = sourcecode.c.objc; path = WebViewController.m; sourceTree = "<group>"; };
		FC5C85051ACB821800AF91A8 /* RutaViewController.h */ = {isa = PBXFileReference; fileEncoding = 4; lastKnownFileType = sourcecode.c.h; path = RutaViewController.h; sourceTree = "<group>"; };
		FC5C85061ACB821800AF91A8 /* RutaViewController.m */ = {isa = PBXFileReference; fileEncoding = 4; lastKnownFileType = sourcecode.c.objc; path = RutaViewController.m; sourceTree = "<group>"; };
		FC5C85081ACB832700AF91A8 /* MapKit.framework */ = {isa = PBXFileReference; lastKnownFileType = wrapper.framework; name = MapKit.framework; path = System/Library/Frameworks/MapKit.framework; sourceTree = SDKROOT; };
		FCA27E211AA5030300B16B1B /* DirectorioViewController.h */ = {isa = PBXFileReference; fileEncoding = 4; lastKnownFileType = sourcecode.c.h; path = DirectorioViewController.h; sourceTree = "<group>"; };
		FCA27E221AA5030300B16B1B /* DirectorioViewController.m */ = {isa = PBXFileReference; fileEncoding = 4; lastKnownFileType = sourcecode.c.objc; path = DirectorioViewController.m; sourceTree = "<group>"; };
		FCA6B0671AA7CB6200F2A945 /* PGFirstViewController.h */ = {isa = PBXFileReference; fileEncoding = 4; lastKnownFileType = sourcecode.c.h; path = PGFirstViewController.h; sourceTree = "<group>"; };
		FCA6B0681AA7CB6200F2A945 /* PGFirstViewController.m */ = {isa = PBXFileReference; fileEncoding = 4; lastKnownFileType = sourcecode.c.objc; path = PGFirstViewController.m; sourceTree = "<group>"; };
		FCA6B0691AA7CB6200F2A945 /* PGSecondViewController.h */ = {isa = PBXFileReference; fileEncoding = 4; lastKnownFileType = sourcecode.c.h; path = PGSecondViewController.h; sourceTree = "<group>"; };
		FCA6B06A1AA7CB6200F2A945 /* PGSecondViewController.m */ = {isa = PBXFileReference; fileEncoding = 4; lastKnownFileType = sourcecode.c.objc; path = PGSecondViewController.m; sourceTree = "<group>"; };
		FCA6B06B1AA7CB6200F2A945 /* PGSideDrawerController.h */ = {isa = PBXFileReference; fileEncoding = 4; lastKnownFileType = sourcecode.c.h; path = PGSideDrawerController.h; sourceTree = "<group>"; };
		FCA6B06C1AA7CB6200F2A945 /* PGSideDrawerController.m */ = {isa = PBXFileReference; fileEncoding = 4; lastKnownFileType = sourcecode.c.objc; path = PGSideDrawerController.m; sourceTree = "<group>"; };
		FCA6B06D1AA7CB6200F2A945 /* PGViewController.h */ = {isa = PBXFileReference; fileEncoding = 4; lastKnownFileType = sourcecode.c.h; path = PGViewController.h; sourceTree = "<group>"; };
		FCA6B06E1AA7CB6200F2A945 /* PGViewController.m */ = {isa = PBXFileReference; fileEncoding = 4; lastKnownFileType = sourcecode.c.objc; path = PGViewController.m; sourceTree = "<group>"; };
		FCC2C4D21A9B8E4200A6AA89 /* Rally Maya.app */ = {isa = PBXFileReference; explicitFileType = wrapper.application; includeInIndex = 0; path = "Rally Maya.app"; sourceTree = BUILT_PRODUCTS_DIR; };
		FCC2C4D61A9B8E4200A6AA89 /* Info.plist */ = {isa = PBXFileReference; lastKnownFileType = text.plist.xml; path = Info.plist; sourceTree = "<group>"; };
		FCC2C4D71A9B8E4200A6AA89 /* main.m */ = {isa = PBXFileReference; lastKnownFileType = sourcecode.c.objc; path = main.m; sourceTree = "<group>"; };
		FCC2C4D91A9B8E4200A6AA89 /* AppDelegate.h */ = {isa = PBXFileReference; lastKnownFileType = sourcecode.c.h; path = AppDelegate.h; sourceTree = "<group>"; };
		FCC2C4DA1A9B8E4200A6AA89 /* AppDelegate.m */ = {isa = PBXFileReference; lastKnownFileType = sourcecode.c.objc; path = AppDelegate.m; sourceTree = "<group>"; };
		FCC2C4DC1A9B8E4200A6AA89 /* ViewController.h */ = {isa = PBXFileReference; lastKnownFileType = sourcecode.c.h; path = ViewController.h; sourceTree = "<group>"; };
		FCC2C4DD1A9B8E4200A6AA89 /* ViewController.m */ = {isa = PBXFileReference; lastKnownFileType = sourcecode.c.objc; path = ViewController.m; sourceTree = "<group>"; };
		FCC2C4E01A9B8E4200A6AA89 /* Base */ = {isa = PBXFileReference; lastKnownFileType = file.storyboard; name = Base; path = Base.lproj/Main.storyboard; sourceTree = "<group>"; };
		FCC2C4E21A9B8E4200A6AA89 /* Images.xcassets */ = {isa = PBXFileReference; lastKnownFileType = folder.assetcatalog; path = Images.xcassets; sourceTree = "<group>"; };
		FCC2C4E51A9B8E4200A6AA89 /* Base */ = {isa = PBXFileReference; lastKnownFileType = file.xib; name = Base; path = Base.lproj/LaunchScreen.xib; sourceTree = "<group>"; };
		FCC2C4EB1A9B8E4200A6AA89 /* Rally MayaTests.xctest */ = {isa = PBXFileReference; explicitFileType = wrapper.cfbundle; includeInIndex = 0; path = "Rally MayaTests.xctest"; sourceTree = BUILT_PRODUCTS_DIR; };
		FCC2C4F01A9B8E4200A6AA89 /* Info.plist */ = {isa = PBXFileReference; lastKnownFileType = text.plist.xml; path = Info.plist; sourceTree = "<group>"; };
		FCC2C4F11A9B8E4200A6AA89 /* Rally_MayaTests.m */ = {isa = PBXFileReference; lastKnownFileType = sourcecode.c.objc; path = Rally_MayaTests.m; sourceTree = "<group>"; };
		FCC2C4FE1A9BAC5700A6AA89 /* ParticipantesViewController.h */ = {isa = PBXFileReference; fileEncoding = 4; lastKnownFileType = sourcecode.c.h; path = ParticipantesViewController.h; sourceTree = "<group>"; };
		FCC2C4FF1A9BAC5700A6AA89 /* ParticipantesViewController.m */ = {isa = PBXFileReference; fileEncoding = 4; lastKnownFileType = sourcecode.c.objc; path = ParticipantesViewController.m; sourceTree = "<group>"; };
		FCC2C5011A9BC11800A6AA89 /* ParticipanteViewController.h */ = {isa = PBXFileReference; fileEncoding = 4; lastKnownFileType = sourcecode.c.h; path = ParticipanteViewController.h; sourceTree = "<group>"; };
		FCC2C5021A9BC11800A6AA89 /* ParticipanteViewController.m */ = {isa = PBXFileReference; fileEncoding = 4; lastKnownFileType = sourcecode.c.objc; path = ParticipanteViewController.m; sourceTree = "<group>"; };
		FCC2C5041A9BC92600A6AA89 /* RallyViewController.h */ = {isa = PBXFileReference; fileEncoding = 4; lastKnownFileType = sourcecode.c.h; path = RallyViewController.h; sourceTree = "<group>"; };
		FCC2C5051A9BC92600A6AA89 /* RallyViewController.m */ = {isa = PBXFileReference; fileEncoding = 4; lastKnownFileType = sourcecode.c.objc; path = RallyViewController.m; sourceTree = "<group>"; };
		FCC2D5F61A9CECF200A6AA89 /* KMAccordionTableViewController.h */ = {isa = PBXFileReference; fileEncoding = 4; lastKnownFileType = sourcecode.c.h; path = KMAccordionTableViewController.h; sourceTree = "<group>"; };
		FCC2D5F71A9CECF200A6AA89 /* KMAccordionTableViewController.m */ = {isa = PBXFileReference; fileEncoding = 4; lastKnownFileType = sourcecode.c.objc; path = KMAccordionTableViewController.m; sourceTree = "<group>"; };
		FCC2D5F81A9CECF200A6AA89 /* MyViewController.h */ = {isa = PBXFileReference; fileEncoding = 4; lastKnownFileType = sourcecode.c.h; path = MyViewController.h; sourceTree = "<group>"; };
		FCC2D5F91A9CECF200A6AA89 /* MyViewController.m */ = {isa = PBXFileReference; fileEncoding = 4; lastKnownFileType = sourcecode.c.objc; path = MyViewController.m; sourceTree = "<group>"; };
		FCC2D5FB1A9CECF200A6AA89 /* KMAppearence.h */ = {isa = PBXFileReference; fileEncoding = 4; lastKnownFileType = sourcecode.c.h; path = KMAppearence.h; sourceTree = "<group>"; };
		FCC2D5FC1A9CECF200A6AA89 /* KMAppearence.m */ = {isa = PBXFileReference; fileEncoding = 4; lastKnownFileType = sourcecode.c.objc; path = KMAppearence.m; sourceTree = "<group>"; };
		FCC2D5FD1A9CECF200A6AA89 /* KMSection.h */ = {isa = PBXFileReference; fileEncoding = 4; lastKnownFileType = sourcecode.c.h; path = KMSection.h; sourceTree = "<group>"; };
		FCC2D5FE1A9CECF200A6AA89 /* KMSection.m */ = {isa = PBXFileReference; fileEncoding = 4; lastKnownFileType = sourcecode.c.objc; path = KMSection.m; sourceTree = "<group>"; };
		FCC2D6001A9CECF200A6AA89 /* KMSectionHeaderView.h */ = {isa = PBXFileReference; fileEncoding = 4; lastKnownFileType = sourcecode.c.h; path = KMSectionHeaderView.h; sourceTree = "<group>"; };
		FCC2D6011A9CECF200A6AA89 /* KMSectionHeaderView.m */ = {isa = PBXFileReference; fileEncoding = 4; lastKnownFileType = sourcecode.c.objc; path = KMSectionHeaderView.m; sourceTree = "<group>"; };
		FCC2D6021A9CECF200A6AA89 /* KMSectionHeaderView.xib */ = {isa = PBXFileReference; fileEncoding = 4; lastKnownFileType = file.xib; path = KMSectionHeaderView.xib; sourceTree = "<group>"; };
/* End PBXFileReference section */

/* Begin PBXFrameworksBuildPhase section */
		FCC2C4CF1A9B8E4200A6AA89 /* Frameworks */ = {
			isa = PBXFrameworksBuildPhase;
			buildActionMask = 2147483647;
			files = (
				FC5C85091ACB832700AF91A8 /* MapKit.framework in Frameworks */,
				D4F161FC634554CB72FC9FDB /* libPods.a in Frameworks */,
			);
			runOnlyForDeploymentPostprocessing = 0;
		};
		FCC2C4E81A9B8E4200A6AA89 /* Frameworks */ = {
			isa = PBXFrameworksBuildPhase;
			buildActionMask = 2147483647;
			files = (
			);
			runOnlyForDeploymentPostprocessing = 0;
		};
/* End PBXFrameworksBuildPhase section */

/* Begin PBXGroup section */
		16B20C2913CC8C48FAED9C41 /* Frameworks */ = {
			isa = PBXGroup;
			children = (
				FC5C85081ACB832700AF91A8 /* MapKit.framework */,
				B067FA1E09EAACDF3BEA3F8C /* libPods.a */,
			);
			name = Frameworks;
			sourceTree = "<group>";
		};
		7476F3ADEA1254245E58BEA2 /* Pods */ = {
			isa = PBXGroup;
			children = (
				6902086B8BFB5B535481A67D /* Pods.debug.xcconfig */,
				5BFB734E0B7F4A90E94E2AA5 /* Pods.release.xcconfig */,
			);
			name = Pods;
			sourceTree = "<group>";
		};
		BCA164401AA7D13D00EFF32E /* Controllers */ = {
			isa = PBXGroup;
			children = (
				FCA6B0671AA7CB6200F2A945 /* PGFirstViewController.h */,
				FCA6B0681AA7CB6200F2A945 /* PGFirstViewController.m */,
				FCA6B0691AA7CB6200F2A945 /* PGSecondViewController.h */,
				FCA6B06A1AA7CB6200F2A945 /* PGSecondViewController.m */,
				FCA6B06B1AA7CB6200F2A945 /* PGSideDrawerController.h */,
				FCA6B06C1AA7CB6200F2A945 /* PGSideDrawerController.m */,
				FCA6B06D1AA7CB6200F2A945 /* PGViewController.h */,
				FCA6B06E1AA7CB6200F2A945 /* PGViewController.m */,
			);
			name = Controllers;
			sourceTree = "<group>";
		};
		FCC2C4C91A9B8E4200A6AA89 = {
			isa = PBXGroup;
			children = (
				FCC2C4D41A9B8E4200A6AA89 /* Rally Maya */,
				FCC2C4EE1A9B8E4200A6AA89 /* Rally MayaTests */,
				FCC2C4D31A9B8E4200A6AA89 /* Products */,
				7476F3ADEA1254245E58BEA2 /* Pods */,
				16B20C2913CC8C48FAED9C41 /* Frameworks */,
			);
			sourceTree = "<group>";
		};
		FCC2C4D31A9B8E4200A6AA89 /* Products */ = {
			isa = PBXGroup;
			children = (
				FCC2C4D21A9B8E4200A6AA89 /* Rally Maya.app */,
				FCC2C4EB1A9B8E4200A6AA89 /* Rally MayaTests.xctest */,
			);
			name = Products;
			sourceTree = "<group>";
		};
		FCC2C4D41A9B8E4200A6AA89 /* Rally Maya */ = {
			isa = PBXGroup;
			children = (
				FC5C84FC1AC9F37600AF91A8 /* MBProgressHUD.m */,
				FC5C84FD1AC9F37600AF91A8 /* MBProgressHUD.h */,
				BCA164401AA7D13D00EFF32E /* Controllers */,
				FCC2D5FA1A9CECF200A6AA89 /* Model */,
				FCC2D5F51A9CECF200A6AA89 /* ViewController */,
				FCC2D5FF1A9CECF200A6AA89 /* Header */,
				FCC2C4D91A9B8E4200A6AA89 /* AppDelegate.h */,
				FCC2C4DA1A9B8E4200A6AA89 /* AppDelegate.m */,
				FCC2C4DC1A9B8E4200A6AA89 /* ViewController.h */,
				FCC2C4DD1A9B8E4200A6AA89 /* ViewController.m */,
				FCC2C4DF1A9B8E4200A6AA89 /* Main.storyboard */,
				FCC2C4E21A9B8E4200A6AA89 /* Images.xcassets */,
				FCC2C4E41A9B8E4200A6AA89 /* LaunchScreen.xib */,
				FCC2C4D51A9B8E4200A6AA89 /* Supporting Files */,
				FCC2C5041A9BC92600A6AA89 /* RallyViewController.h */,
				FCC2C5051A9BC92600A6AA89 /* RallyViewController.m */,
				FCC2C4FE1A9BAC5700A6AA89 /* ParticipantesViewController.h */,
				FCC2C4FF1A9BAC5700A6AA89 /* ParticipantesViewController.m */,
				FCC2C5011A9BC11800A6AA89 /* ParticipanteViewController.h */,
				FCC2C5021A9BC11800A6AA89 /* ParticipanteViewController.m */,
				FC4B68131A9D43DE009FDEB2 /* TipsViewController.h */,
				FC4B68141A9D43DE009FDEB2 /* TipsViewController.m */,
				FC4B68101A9CFE2D009FDEB2 /* TipsLugaresViewController.h */,
				FC4B68111A9CFE2D009FDEB2 /* TipsLugaresViewController.m */,
				FC4B68161A9D481F009FDEB2 /* PatrocinadoresViewController.h */,
				FC4B68171A9D481F009FDEB2 /* PatrocinadoresViewController.m */,
				FCA27E211AA5030300B16B1B /* DirectorioViewController.h */,
				FCA27E221AA5030300B16B1B /* DirectorioViewController.m */,
				FC43EA3A1A9E5E9800F414DB /* CampecheViewController.h */,
				FC43EA3B1A9E5E9800F414DB /* CampecheViewController.m */,
				FC43EA3D1AA01CFB00F414DB /* YucatanViewController.h */,
				FC43EA3E1AA01CFB00F414DB /* YucatanViewController.m */,
				FC43EA401AA01D6700F414DB /* QRooViewController.h */,
				FC43EA411AA01D6700F414DB /* QRooViewController.m */,
				657421681AA9060D00F94CD4 /* DiabetesViewController.h */,
				657421691AA9060D00F94CD4 /* DiabetesViewController.m */,
				FC43EA431AA02F3000F414DB /* CronometroViewController.h */,
				FC43EA441AA02F3000F414DB /* CronometroViewController.m */,
				FC5C84FF1ACB264F00AF91A8 /* ProgramaViewController.h */,
				FC5C85001ACB264F00AF91A8 /* ProgramaViewController.m */,
				FC5C85021ACB54A000AF91A8 /* WebViewController.h */,
				FC5C85031ACB54A000AF91A8 /* WebViewController.m */,
				FC5C85051ACB821800AF91A8 /* RutaViewController.h */,
				FC5C85061ACB821800AF91A8 /* RutaViewController.m */,
			);
			path = "Rally Maya";
			sourceTree = "<group>";
		};
		FCC2C4D51A9B8E4200A6AA89 /* Supporting Files */ = {
			isa = PBXGroup;
			children = (
				FCC2C4D61A9B8E4200A6AA89 /* Info.plist */,
				FCC2C4D71A9B8E4200A6AA89 /* main.m */,
			);
			name = "Supporting Files";
			sourceTree = "<group>";
		};
		FCC2C4EE1A9B8E4200A6AA89 /* Rally MayaTests */ = {
			isa = PBXGroup;
			children = (
				FCC2C4F11A9B8E4200A6AA89 /* Rally_MayaTests.m */,
				FCC2C4EF1A9B8E4200A6AA89 /* Supporting Files */,
			);
			path = "Rally MayaTests";
			sourceTree = "<group>";
		};
		FCC2C4EF1A9B8E4200A6AA89 /* Supporting Files */ = {
			isa = PBXGroup;
			children = (
				FCC2C4F01A9B8E4200A6AA89 /* Info.plist */,
			);
			name = "Supporting Files";
			sourceTree = "<group>";
		};
		FCC2D5F51A9CECF200A6AA89 /* ViewController */ = {
			isa = PBXGroup;
			children = (
				FCC2D5F61A9CECF200A6AA89 /* KMAccordionTableViewController.h */,
				FCC2D5F71A9CECF200A6AA89 /* KMAccordionTableViewController.m */,
				FCC2D5F81A9CECF200A6AA89 /* MyViewController.h */,
				FCC2D5F91A9CECF200A6AA89 /* MyViewController.m */,
			);
			path = ViewController;
			sourceTree = "<group>";
		};
		FCC2D5FA1A9CECF200A6AA89 /* Model */ = {
			isa = PBXGroup;
			children = (
				FCC2D5FB1A9CECF200A6AA89 /* KMAppearence.h */,
				FCC2D5FC1A9CECF200A6AA89 /* KMAppearence.m */,
				FCC2D5FD1A9CECF200A6AA89 /* KMSection.h */,
				FCC2D5FE1A9CECF200A6AA89 /* KMSection.m */,
			);
			path = Model;
			sourceTree = "<group>";
		};
		FCC2D5FF1A9CECF200A6AA89 /* Header */ = {
			isa = PBXGroup;
			children = (
				FCC2D6001A9CECF200A6AA89 /* KMSectionHeaderView.h */,
				FCC2D6011A9CECF200A6AA89 /* KMSectionHeaderView.m */,
				FCC2D6021A9CECF200A6AA89 /* KMSectionHeaderView.xib */,
			);
			path = Header;
			sourceTree = "<group>";
		};
/* End PBXGroup section */

/* Begin PBXNativeTarget section */
		FCC2C4D11A9B8E4200A6AA89 /* Rally Maya */ = {
			isa = PBXNativeTarget;
			buildConfigurationList = FCC2C4F51A9B8E4200A6AA89 /* Build configuration list for PBXNativeTarget "Rally Maya" */;
			buildPhases = (
				3696B97501FA2A42FA219C44 /* Check Pods Manifest.lock */,
				FCC2C4CE1A9B8E4200A6AA89 /* Sources */,
				FCC2C4CF1A9B8E4200A6AA89 /* Frameworks */,
				FCC2C4D01A9B8E4200A6AA89 /* Resources */,
				3E20AF6598F9E177971F0D0D /* Copy Pods Resources */,
			);
			buildRules = (
			);
			dependencies = (
			);
			name = "Rally Maya";
			productName = "Rally Maya";
			productReference = FCC2C4D21A9B8E4200A6AA89 /* Rally Maya.app */;
			productType = "com.apple.product-type.application";
		};
		FCC2C4EA1A9B8E4200A6AA89 /* Rally MayaTests */ = {
			isa = PBXNativeTarget;
			buildConfigurationList = FCC2C4F81A9B8E4200A6AA89 /* Build configuration list for PBXNativeTarget "Rally MayaTests" */;
			buildPhases = (
				FCC2C4E71A9B8E4200A6AA89 /* Sources */,
				FCC2C4E81A9B8E4200A6AA89 /* Frameworks */,
				FCC2C4E91A9B8E4200A6AA89 /* Resources */,
			);
			buildRules = (
			);
			dependencies = (
				FCC2C4ED1A9B8E4200A6AA89 /* PBXTargetDependency */,
			);
			name = "Rally MayaTests";
			productName = "Rally MayaTests";
			productReference = FCC2C4EB1A9B8E4200A6AA89 /* Rally MayaTests.xctest */;
			productType = "com.apple.product-type.bundle.unit-test";
		};
/* End PBXNativeTarget section */

/* Begin PBXProject section */
		FCC2C4CA1A9B8E4200A6AA89 /* Project object */ = {
			isa = PBXProject;
			attributes = {
				LastUpgradeCheck = 0610;
				ORGANIZATIONNAME = "Jonathan Horta";
				TargetAttributes = {
					FCC2C4D11A9B8E4200A6AA89 = {
						CreatedOnToolsVersion = 6.1.1;
						SystemCapabilities = {
							com.apple.Maps.iOS = {
								enabled = 1;
							};
						};
					};
					FCC2C4EA1A9B8E4200A6AA89 = {
						CreatedOnToolsVersion = 6.1.1;
						TestTargetID = FCC2C4D11A9B8E4200A6AA89;
					};
				};
			};
			buildConfigurationList = FCC2C4CD1A9B8E4200A6AA89 /* Build configuration list for PBXProject "Rally Maya" */;
			compatibilityVersion = "Xcode 3.2";
			developmentRegion = English;
			hasScannedForEncodings = 0;
			knownRegions = (
				en,
				Base,
				"es-MX",
				es,
				pt,
			);
			mainGroup = FCC2C4C91A9B8E4200A6AA89;
			productRefGroup = FCC2C4D31A9B8E4200A6AA89 /* Products */;
			projectDirPath = "";
			projectRoot = "";
			targets = (
				FCC2C4D11A9B8E4200A6AA89 /* Rally Maya */,
				FCC2C4EA1A9B8E4200A6AA89 /* Rally MayaTests */,
			);
		};
/* End PBXProject section */

/* Begin PBXResourcesBuildPhase section */
		FCC2C4D01A9B8E4200A6AA89 /* Resources */ = {
			isa = PBXResourcesBuildPhase;
			buildActionMask = 2147483647;
			files = (
				FCC2C4E11A9B8E4200A6AA89 /* Main.storyboard in Resources */,
				FCC2D6081A9CECF200A6AA89 /* KMSectionHeaderView.xib in Resources */,
				FCC2C4E61A9B8E4200A6AA89 /* LaunchScreen.xib in Resources */,
				FCC2C4E31A9B8E4200A6AA89 /* Images.xcassets in Resources */,
			);
			runOnlyForDeploymentPostprocessing = 0;
		};
		FCC2C4E91A9B8E4200A6AA89 /* Resources */ = {
			isa = PBXResourcesBuildPhase;
			buildActionMask = 2147483647;
			files = (
			);
			runOnlyForDeploymentPostprocessing = 0;
		};
/* End PBXResourcesBuildPhase section */

/* Begin PBXShellScriptBuildPhase section */
		3696B97501FA2A42FA219C44 /* Check Pods Manifest.lock */ = {
			isa = PBXShellScriptBuildPhase;
			buildActionMask = 2147483647;
			files = (
			);
			inputPaths = (
			);
			name = "Check Pods Manifest.lock";
			outputPaths = (
			);
			runOnlyForDeploymentPostprocessing = 0;
			shellPath = /bin/sh;
			shellScript = "diff \"${PODS_ROOT}/../Podfile.lock\" \"${PODS_ROOT}/Manifest.lock\" > /dev/null\nif [[ $? != 0 ]] ; then\n    cat << EOM\nerror: The sandbox is not in sync with the Podfile.lock. Run 'pod install' or update your CocoaPods installation.\nEOM\n    exit 1\nfi\n";
			showEnvVarsInLog = 0;
		};
		3E20AF6598F9E177971F0D0D /* Copy Pods Resources */ = {
			isa = PBXShellScriptBuildPhase;
			buildActionMask = 2147483647;
			files = (
			);
			inputPaths = (
			);
			name = "Copy Pods Resources";
			outputPaths = (
			);
			runOnlyForDeploymentPostprocessing = 0;
			shellPath = /bin/sh;
			shellScript = "\"${SRCROOT}/Pods/Target Support Files/Pods/Pods-resources.sh\"\n";
			showEnvVarsInLog = 0;
		};
/* End PBXShellScriptBuildPhase section */

/* Begin PBXSourcesBuildPhase section */
		FCC2C4CE1A9B8E4200A6AA89 /* Sources */ = {
			isa = PBXSourcesBuildPhase;
			buildActionMask = 2147483647;
			files = (
				FCC2D6031A9CECF200A6AA89 /* KMAccordionTableViewController.m in Sources */,
				FCC2D6071A9CECF200A6AA89 /* KMSectionHeaderView.m in Sources */,
				FC5C85071ACB821800AF91A8 /* RutaViewController.m in Sources */,
				FCA6B0721AA7CB6200F2A945 /* PGViewController.m in Sources */,
				FC4B68181A9D481F009FDEB2 /* PatrocinadoresViewController.m in Sources */,
				FCC2C5031A9BC11800A6AA89 /* ParticipanteViewController.m in Sources */,
				FCC2D6041A9CECF200A6AA89 /* MyViewController.m in Sources */,
				FCC2C5061A9BC92600A6AA89 /* RallyViewController.m in Sources */,
				FCA27E231AA5030300B16B1B /* DirectorioViewController.m in Sources */,
				FC43EA3F1AA01CFB00F414DB /* YucatanViewController.m in Sources */,
				FCA6B06F1AA7CB6200F2A945 /* PGFirstViewController.m in Sources */,
				FCC2C4DE1A9B8E4200A6AA89 /* ViewController.m in Sources */,
				FCA6B0711AA7CB6200F2A945 /* PGSideDrawerController.m in Sources */,
				FC4B68151A9D43DE009FDEB2 /* TipsViewController.m in Sources */,
				FCC2D6061A9CECF200A6AA89 /* KMSection.m in Sources */,
				FC43EA3C1A9E5E9800F414DB /* CampecheViewController.m in Sources */,
				FCC2C4DB1A9B8E4200A6AA89 /* AppDelegate.m in Sources */,
				FC4B68121A9CFE2D009FDEB2 /* TipsLugaresViewController.m in Sources */,
				FC5C84FE1AC9F37600AF91A8 /* MBProgressHUD.m in Sources */,
				FC43EA421AA01D6700F414DB /* QRooViewController.m in Sources */,
				FCC2C5001A9BAC5700A6AA89 /* ParticipantesViewController.m in Sources */,
				6574216A1AA9060D00F94CD4 /* DiabetesViewController.m in Sources */,
				FC5C85011ACB264F00AF91A8 /* ProgramaViewController.m in Sources */,
				FC5C85041ACB54A000AF91A8 /* WebViewController.m in Sources */,
				FCA6B0701AA7CB6200F2A945 /* PGSecondViewController.m in Sources */,
				FCC2C4D81A9B8E4200A6AA89 /* main.m in Sources */,
				FC43EA451AA02F3000F414DB /* CronometroViewController.m in Sources */,
				FCC2D6051A9CECF200A6AA89 /* KMAppearence.m in Sources */,
			);
			runOnlyForDeploymentPostprocessing = 0;
		};
		FCC2C4E71A9B8E4200A6AA89 /* Sources */ = {
			isa = PBXSourcesBuildPhase;
			buildActionMask = 2147483647;
			files = (
				FCC2C4F21A9B8E4200A6AA89 /* Rally_MayaTests.m in Sources */,
			);
			runOnlyForDeploymentPostprocessing = 0;
		};
/* End PBXSourcesBuildPhase section */

/* Begin PBXTargetDependency section */
		FCC2C4ED1A9B8E4200A6AA89 /* PBXTargetDependency */ = {
			isa = PBXTargetDependency;
			target = FCC2C4D11A9B8E4200A6AA89 /* Rally Maya */;
			targetProxy = FCC2C4EC1A9B8E4200A6AA89 /* PBXContainerItemProxy */;
		};
/* End PBXTargetDependency section */

/* Begin PBXVariantGroup section */
		FCC2C4DF1A9B8E4200A6AA89 /* Main.storyboard */ = {
			isa = PBXVariantGroup;
			children = (
				FCC2C4E01A9B8E4200A6AA89 /* Base */,
			);
			name = Main.storyboard;
			sourceTree = "<group>";
		};
		FCC2C4E41A9B8E4200A6AA89 /* LaunchScreen.xib */ = {
			isa = PBXVariantGroup;
			children = (
				FCC2C4E51A9B8E4200A6AA89 /* Base */,
			);
			name = LaunchScreen.xib;
			sourceTree = "<group>";
		};
/* End PBXVariantGroup section */

/* Begin XCBuildConfiguration section */
		FCC2C4F31A9B8E4200A6AA89 /* Debug */ = {
			isa = XCBuildConfiguration;
			buildSettings = {
				ALWAYS_SEARCH_USER_PATHS = NO;
				CLANG_CXX_LANGUAGE_STANDARD = "gnu++0x";
				CLANG_CXX_LIBRARY = "libc++";
				CLANG_ENABLE_MODULES = YES;
				CLANG_ENABLE_OBJC_ARC = YES;
				CLANG_WARN_BOOL_CONVERSION = YES;
				CLANG_WARN_CONSTANT_CONVERSION = YES;
				CLANG_WARN_DIRECT_OBJC_ISA_USAGE = YES_ERROR;
				CLANG_WARN_EMPTY_BODY = YES;
				CLANG_WARN_ENUM_CONVERSION = YES;
				CLANG_WARN_INT_CONVERSION = YES;
				CLANG_WARN_OBJC_ROOT_CLASS = YES_ERROR;
				CLANG_WARN_UNREACHABLE_CODE = YES;
				CLANG_WARN__DUPLICATE_METHOD_MATCH = YES;
				"CODE_SIGN_IDENTITY[sdk=iphoneos*]" = "iPhone Developer";
				COPY_PHASE_STRIP = NO;
				ENABLE_STRICT_OBJC_MSGSEND = YES;
				GCC_C_LANGUAGE_STANDARD = gnu99;
				GCC_DYNAMIC_NO_PIC = NO;
				GCC_OPTIMIZATION_LEVEL = 0;
				GCC_PREPROCESSOR_DEFINITIONS = (
					"DEBUG=1",
					"$(inherited)",
				);
				GCC_SYMBOLS_PRIVATE_EXTERN = NO;
				GCC_WARN_64_TO_32_BIT_CONVERSION = YES;
				GCC_WARN_ABOUT_RETURN_TYPE = YES_ERROR;
				GCC_WARN_UNDECLARED_SELECTOR = YES;
				GCC_WARN_UNINITIALIZED_AUTOS = YES_AGGRESSIVE;
				GCC_WARN_UNUSED_FUNCTION = YES;
				GCC_WARN_UNUSED_VARIABLE = YES;
				IPHONEOS_DEPLOYMENT_TARGET = 8.1;
				MTL_ENABLE_DEBUG_INFO = YES;
				ONLY_ACTIVE_ARCH = YES;
				SDKROOT = iphoneos;
				TARGETED_DEVICE_FAMILY = "1,2";
			};
			name = Debug;
		};
		FCC2C4F41A9B8E4200A6AA89 /* Release */ = {
			isa = XCBuildConfiguration;
			buildSettings = {
				ALWAYS_SEARCH_USER_PATHS = NO;
				CLANG_CXX_LANGUAGE_STANDARD = "gnu++0x";
				CLANG_CXX_LIBRARY = "libc++";
				CLANG_ENABLE_MODULES = YES;
				CLANG_ENABLE_OBJC_ARC = YES;
				CLANG_WARN_BOOL_CONVERSION = YES;
				CLANG_WARN_CONSTANT_CONVERSION = YES;
				CLANG_WARN_DIRECT_OBJC_ISA_USAGE = YES_ERROR;
				CLANG_WARN_EMPTY_BODY = YES;
				CLANG_WARN_ENUM_CONVERSION = YES;
				CLANG_WARN_INT_CONVERSION = YES;
				CLANG_WARN_OBJC_ROOT_CLASS = YES_ERROR;
				CLANG_WARN_UNREACHABLE_CODE = YES;
				CLANG_WARN__DUPLICATE_METHOD_MATCH = YES;
				"CODE_SIGN_IDENTITY[sdk=iphoneos*]" = "iPhone Developer";
				COPY_PHASE_STRIP = YES;
				ENABLE_NS_ASSERTIONS = NO;
				ENABLE_STRICT_OBJC_MSGSEND = YES;
				GCC_C_LANGUAGE_STANDARD = gnu99;
				GCC_WARN_64_TO_32_BIT_CONVERSION = YES;
				GCC_WARN_ABOUT_RETURN_TYPE = YES_ERROR;
				GCC_WARN_UNDECLARED_SELECTOR = YES;
				GCC_WARN_UNINITIALIZED_AUTOS = YES_AGGRESSIVE;
				GCC_WARN_UNUSED_FUNCTION = YES;
				GCC_WARN_UNUSED_VARIABLE = YES;
				IPHONEOS_DEPLOYMENT_TARGET = 8.1;
				MTL_ENABLE_DEBUG_INFO = NO;
				SDKROOT = iphoneos;
				TARGETED_DEVICE_FAMILY = "1,2";
				VALIDATE_PRODUCT = YES;
			};
			name = Release;
		};
		FCC2C4F61A9B8E4200A6AA89 /* Debug */ = {
			isa = XCBuildConfiguration;
			baseConfigurationReference = 6902086B8BFB5B535481A67D /* Pods.debug.xcconfig */;
			buildSettings = {
				ASSETCATALOG_COMPILER_APPICON_NAME = AppIcon;
				FRAMEWORK_SEARCH_PATHS = (
					"$(inherited)",
					"/Users/jon/Punk/MAC/KMAccordionTableViewController/Pods/Reveal-iOS-SDK/Reveal-Framework-1.0.4",
				);
				INFOPLIST_FILE = "Rally Maya/Info.plist";
				LD_RUNPATH_SEARCH_PATHS = "$(inherited) @executable_path/Frameworks";
				PRODUCT_NAME = "$(TARGET_NAME)";
			};
			name = Debug;
		};
		FCC2C4F71A9B8E4200A6AA89 /* Release */ = {
			isa = XCBuildConfiguration;
			baseConfigurationReference = 5BFB734E0B7F4A90E94E2AA5 /* Pods.release.xcconfig */;
			buildSettings = {
				ASSETCATALOG_COMPILER_APPICON_NAME = AppIcon;
				FRAMEWORK_SEARCH_PATHS = (
					"$(inherited)",
					"/Users/jon/Punk/MAC/KMAccordionTableViewController/Pods/Reveal-iOS-SDK/Reveal-Framework-1.0.4",
				);
				INFOPLIST_FILE = "Rally Maya/Info.plist";
				LD_RUNPATH_SEARCH_PATHS = "$(inherited) @executable_path/Frameworks";
				PRODUCT_NAME = "$(TARGET_NAME)";
			};
			name = Release;
		};
		FCC2C4F91A9B8E4200A6AA89 /* Debug */ = {
			isa = XCBuildConfiguration;
			buildSettings = {
				BUNDLE_LOADER = "$(TEST_HOST)";
				FRAMEWORK_SEARCH_PATHS = (
					"$(SDKROOT)/Developer/Library/Frameworks",
					"$(inherited)",
				);
				GCC_PREPROCESSOR_DEFINITIONS = (
					"DEBUG=1",
					"$(inherited)",
				);
				INFOPLIST_FILE = "Rally MayaTests/Info.plist";
				LD_RUNPATH_SEARCH_PATHS = "$(inherited) @executable_path/Frameworks @loader_path/Frameworks";
				PRODUCT_NAME = "$(TARGET_NAME)";
				TEST_HOST = "$(BUILT_PRODUCTS_DIR)/Rally Maya.app/Rally Maya";
			};
			name = Debug;
		};
		FCC2C4FA1A9B8E4200A6AA89 /* Release */ = {
			isa = XCBuildConfiguration;
			buildSettings = {
				BUNDLE_LOADER = "$(TEST_HOST)";
				FRAMEWORK_SEARCH_PATHS = (
					"$(SDKROOT)/Developer/Library/Frameworks",
					"$(inherited)",
				);
				INFOPLIST_FILE = "Rally MayaTests/Info.plist";
				LD_RUNPATH_SEARCH_PATHS = "$(inherited) @executable_path/Frameworks @loader_path/Frameworks";
				PRODUCT_NAME = "$(TARGET_NAME)";
				TEST_HOST = "$(BUILT_PRODUCTS_DIR)/Rally Maya.app/Rally Maya";
			};
			name = Release;
		};
/* End XCBuildConfiguration section */

/* Begin XCConfigurationList section */
		FCC2C4CD1A9B8E4200A6AA89 /* Build configuration list for PBXProject "Rally Maya" */ = {
			isa = XCConfigurationList;
			buildConfigurations = (
				FCC2C4F31A9B8E4200A6AA89 /* Debug */,
				FCC2C4F41A9B8E4200A6AA89 /* Release */,
			);
			defaultConfigurationIsVisible = 0;
			defaultConfigurationName = Release;
		};
		FCC2C4F51A9B8E4200A6AA89 /* Build configuration list for PBXNativeTarget "Rally Maya" */ = {
			isa = XCConfigurationList;
			buildConfigurations = (
				FCC2C4F61A9B8E4200A6AA89 /* Debug */,
				FCC2C4F71A9B8E4200A6AA89 /* Release */,
			);
			defaultConfigurationIsVisible = 0;
			defaultConfigurationName = Release;
		};
		FCC2C4F81A9B8E4200A6AA89 /* Build configuration list for PBXNativeTarget "Rally MayaTests" */ = {
			isa = XCConfigurationList;
			buildConfigurations = (
				FCC2C4F91A9B8E4200A6AA89 /* Debug */,
				FCC2C4FA1A9B8E4200A6AA89 /* Release */,
			);
			defaultConfigurationIsVisible = 0;
			defaultConfigurationName = Release;
		};
/* End XCConfigurationList section */
	};
	rootObject = FCC2C4CA1A9B8E4200A6AA89 /* Project object */;
}
